
Microsoft Visual Studio Solution File, Format Version 12.00
# Visual Studio Version 17
VisualStudioVersion = 17.3.32519.111
MinimumVisualStudioVersion = 10.0.40219.1
Project("{9A19103F-16F7-4668-BE54-9A1E7A4F7556}") = "Cats.CertificateTransparency", "Cats.CertificateTransparency\Cats.CertificateTransparency.csproj", "{E9314C8B-7CA6-4295-9FB3-0BBB22C9455D}"
EndProject
Project("{9A19103F-16F7-4668-BE54-9A1E7A4F7556}") = "Samples.Console", "Samples\Samples.Console\Samples.Console.csproj", "{ECE27EB8-AE09-4B56-AC9F-52F35E6A3100}"
EndProject
Project("{FAE04EC0-301F-11D3-BF4B-00C04F79EFBC}") = "Samples.Droid", "Samples\Samples.Droid\Samples.Droid.csproj", "{9C97A1CD-FA18-4472-A274-AFBEFFDD2F5B}"
EndProject
Project("{2150E333-8FDC-42A3-9474-1A3956D46DE8}") = "Solution Items", "Solution Items", "{3848C085-D8BE-4B9C-BF18-9F36ECB9504F}"
	ProjectSection(SolutionItems) = preProject
		.editorconfig = .editorconfig
	EndProjectSection
EndProject
Project("{2150E333-8FDC-42A3-9474-1A3956D46DE8}") = "Samples", "Samples", "{82221379-8EB9-4D51-96CE-30FCACF9CB70}"
EndProject
Project("{2150E333-8FDC-42A3-9474-1A3956D46DE8}") = "Tests", "Tests", "{EC994E11-0FEB-4EAA-B2F8-3A72A4317BBC}"
EndProject
Project("{FAE04EC0-301F-11D3-BF4B-00C04F79EFBC}") = "Tests.Droid", "Tests\Tests.Droid\Tests.Droid.csproj", "{18497B17-CD53-46DC-AC16-D3F1BD3178D7}"
EndProject
Project("{9A19103F-16F7-4668-BE54-9A1E7A4F7556}") = "Tests", "Tests\Tests\Tests.csproj", "{515FB7C4-F8AC-4D02-9978-D350A246F408}"
EndProject
Project("{9A19103F-16F7-4668-BE54-9A1E7A4F7556}") = "Tests.Data", "Tests\Tests.Data\Tests.Data.csproj", "{28ED2DC4-22B1-456E-9C23-2882DC5508C4}"
EndProject
Project("{9A19103F-16F7-4668-BE54-9A1E7A4F7556}") = "Samples.Droid.net6", "Samples\Samples.Droid.net6\Samples.Droid.net6.csproj", "{C86573DA-9227-462B-9267-34816FE23908}"
EndProject
Project("{FAE04EC0-301F-11D3-BF4B-00C04F79EFBC}") = "Tests.Droid.net6", "Tests\Tests.Droid.net6\Tests.Droid.net6.csproj", "{E83305F6-E317-4095-93A1-80705C27C339}"
EndProject
Global
	GlobalSection(SolutionConfigurationPlatforms) = preSolution
		Debug|Any CPU = Debug|Any CPU
		Release|Any CPU = Release|Any CPU
	EndGlobalSection
	GlobalSection(ProjectConfigurationPlatforms) = postSolution
		{E9314C8B-7CA6-4295-9FB3-0BBB22C9455D}.Debug|Any CPU.ActiveCfg = Debug|Any CPU
		{E9314C8B-7CA6-4295-9FB3-0BBB22C9455D}.Debug|Any CPU.Build.0 = Debug|Any CPU
		{E9314C8B-7CA6-4295-9FB3-0BBB22C9455D}.Release|Any CPU.ActiveCfg = Release|Any CPU
		{E9314C8B-7CA6-4295-9FB3-0BBB22C9455D}.Release|Any CPU.Build.0 = Release|Any CPU
		{ECE27EB8-AE09-4B56-AC9F-52F35E6A3100}.Debug|Any CPU.ActiveCfg = Debug|Any CPU
		{ECE27EB8-AE09-4B56-AC9F-52F35E6A3100}.Debug|Any CPU.Build.0 = Debug|Any CPU
		{ECE27EB8-AE09-4B56-AC9F-52F35E6A3100}.Release|Any CPU.ActiveCfg = Release|Any CPU
		{ECE27EB8-AE09-4B56-AC9F-52F35E6A3100}.Release|Any CPU.Build.0 = Release|Any CPU
		{9C97A1CD-FA18-4472-A274-AFBEFFDD2F5B}.Debug|Any CPU.ActiveCfg = Debug|Any CPU
		{9C97A1CD-FA18-4472-A274-AFBEFFDD2F5B}.Debug|Any CPU.Build.0 = Debug|Any CPU
		{9C97A1CD-FA18-4472-A274-AFBEFFDD2F5B}.Debug|Any CPU.Deploy.0 = Debug|Any CPU
		{9C97A1CD-FA18-4472-A274-AFBEFFDD2F5B}.Release|Any CPU.ActiveCfg = Release|Any CPU
		{9C97A1CD-FA18-4472-A274-AFBEFFDD2F5B}.Release|Any CPU.Build.0 = Release|Any CPU
		{9C97A1CD-FA18-4472-A274-AFBEFFDD2F5B}.Release|Any CPU.Deploy.0 = Release|Any CPU
		{18497B17-CD53-46DC-AC16-D3F1BD3178D7}.Debug|Any CPU.ActiveCfg = Debug|Any CPU
		{18497B17-CD53-46DC-AC16-D3F1BD3178D7}.Debug|Any CPU.Build.0 = Debug|Any CPU
		{18497B17-CD53-46DC-AC16-D3F1BD3178D7}.Debug|Any CPU.Deploy.0 = Debug|Any CPU
		{18497B17-CD53-46DC-AC16-D3F1BD3178D7}.Release|Any CPU.ActiveCfg = Release|Any CPU
		{18497B17-CD53-46DC-AC16-D3F1BD3178D7}.Release|Any CPU.Build.0 = Release|Any CPU
		{18497B17-CD53-46DC-AC16-D3F1BD3178D7}.Release|Any CPU.Deploy.0 = Release|Any CPU
		{515FB7C4-F8AC-4D02-9978-D350A246F408}.Debug|Any CPU.ActiveCfg = Debug|Any CPU
		{515FB7C4-F8AC-4D02-9978-D350A246F408}.Debug|Any CPU.Build.0 = Debug|Any CPU
		{515FB7C4-F8AC-4D02-9978-D350A246F408}.Release|Any CPU.ActiveCfg = Release|Any CPU
		{515FB7C4-F8AC-4D02-9978-D350A246F408}.Release|Any CPU.Build.0 = Release|Any CPU
		{28ED2DC4-22B1-456E-9C23-2882DC5508C4}.Debug|Any CPU.ActiveCfg = Debug|Any CPU
		{28ED2DC4-22B1-456E-9C23-2882DC5508C4}.Debug|Any CPU.Build.0 = Debug|Any CPU
		{28ED2DC4-22B1-456E-9C23-2882DC5508C4}.Release|Any CPU.ActiveCfg = Release|Any CPU
		{28ED2DC4-22B1-456E-9C23-2882DC5508C4}.Release|Any CPU.Build.0 = Release|Any CPU
		{C86573DA-9227-462B-9267-34816FE23908}.Debug|Any CPU.ActiveCfg = Debug|Any CPU
		{C86573DA-9227-462B-9267-34816FE23908}.Debug|Any CPU.Build.0 = Debug|Any CPU
		{C86573DA-9227-462B-9267-34816FE23908}.Debug|Any CPU.Deploy.0 = Debug|Any CPU
		{C86573DA-9227-462B-9267-34816FE23908}.Release|Any CPU.ActiveCfg = Release|Any CPU
		{C86573DA-9227-462B-9267-34816FE23908}.Release|Any CPU.Build.0 = Release|Any CPU
		{C86573DA-9227-462B-9267-34816FE23908}.Release|Any CPU.Deploy.0 = Release|Any CPU
		{E83305F6-E317-4095-93A1-80705C27C339}.Debug|Any CPU.ActiveCfg = Debug|Any CPU
		{E83305F6-E317-4095-93A1-80705C27C339}.Debug|Any CPU.Build.0 = Debug|Any CPU
		{E83305F6-E317-4095-93A1-80705C27C339}.Debug|Any CPU.Deploy.0 = Debug|Any CPU
		{E83305F6-E317-4095-93A1-80705C27C339}.Release|Any CPU.ActiveCfg = Release|Any CPU
		{E83305F6-E317-4095-93A1-80705C27C339}.Release|Any CPU.Build.0 = Release|Any CPU
		{E83305F6-E317-4095-93A1-80705C27C339}.Release|Any CPU.Deploy.0 = Release|Any CPU
	EndGlobalSection
	GlobalSection(SolutionProperties) = preSolution
		HideSolutionNode = FALSE
	EndGlobalSection
	GlobalSection(NestedProjects) = preSolution
		{ECE27EB8-AE09-4B56-AC9F-52F35E6A3100} = {82221379-8EB9-4D51-96CE-30FCACF9CB70}
		{9C97A1CD-FA18-4472-A274-AFBEFFDD2F5B} = {82221379-8EB9-4D51-96CE-30FCACF9CB70}
		{18497B17-CD53-46DC-AC16-D3F1BD3178D7} = {EC994E11-0FEB-4EAA-B2F8-3A72A4317BBC}
		{515FB7C4-F8AC-4D02-9978-D350A246F408} = {EC994E11-0FEB-4EAA-B2F8-3A72A4317BBC}
		{28ED2DC4-22B1-456E-9C23-2882DC5508C4} = {EC994E11-0FEB-4EAA-B2F8-3A72A4317BBC}
		{C86573DA-9227-462B-9267-34816FE23908} = {82221379-8EB9-4D51-96CE-30FCACF9CB70}
		{E83305F6-E317-4095-93A1-80705C27C339} = {EC994E11-0FEB-4EAA-B2F8-3A72A4317BBC}
	EndGlobalSection
	GlobalSection(ExtensibilityGlobals) = postSolution
		SolutionGuid = {70BA6A45-D92F-4A03-BDE0-0D851B48A4A6}
	EndGlobalSection
EndGlobal
